
Microsoft Visual Studio Solution File, Format Version 12.00
# Visual Studio Version 17
VisualStudioVersion = 17.8.34330.188
MinimumVisualStudioVersion = 10.0.40219.1
Project("{FAE04EC0-301F-11D3-BF4B-00C04F79EFBC}") = "Silent Pair", "Silent Pair\Silent Pair.csproj", "{F96CB85E-ACCF-42EC-8FF4-B246FA171E02}"
EndProject
Global
	GlobalSection(SolutionConfigurationPlatforms) = preSolution
		Debug|Any CPU = Debug|Any CPU
		Release|Any CPU = Release|Any CPU
	EndGlobalSection
	GlobalSection(ProjectConfigurationPlatforms) = postSolution
		{F96CB85E-ACCF-42EC-8FF4-B246FA171E02}.Debug|Any CPU.ActiveCfg = Debug|Any CPU
		{F96CB85E-ACCF-42EC-8FF4-B246FA171E02}.Debug|Any CPU.Build.0 = Debug|Any CPU
		{F96CB85E-ACCF-42EC-8FF4-B246FA171E02}.Release|Any CPU.ActiveCfg = Release|Any CPU
		{F96CB85E-ACCF-42EC-8FF4-B246FA171E02}.Release|Any CPU.Build.0 = Release|Any CPU
	EndGlobalSection
	GlobalSection(SolutionProperties) = preSolution
		HideSolutionNode = FALSE
	EndGlobalSection
	GlobalSection(ExtensibilityGlobals) = postSolution
		SolutionGuid = {A78CA5A5-1301-4D1F-9501-CE2D40C98645}
	EndGlobalSection
EndGlobal
