
Microsoft Visual Studio Solution File, Format Version 12.00
# Visual Studio Version 17
VisualStudioVersion = 17.8.34330.188
MinimumVisualStudioVersion = 10.0.40219.1
Project("{FAE04EC0-301F-11D3-BF4B-00C04F79EFBC}") = "DrawingCircle", "DrawingCircle\DrawingCircle.csproj", "{3EE32890-EABF-4AF8-BD0A-8EFA3124DC73}"
EndProject
Global
	GlobalSection(SolutionConfigurationPlatforms) = preSolution
		Debug|Any CPU = Debug|Any CPU
		Release|Any CPU = Release|Any CPU
	EndGlobalSection
	GlobalSection(ProjectConfigurationPlatforms) = postSolution
		{3EE32890-EABF-4AF8-BD0A-8EFA3124DC73}.Debug|Any CPU.ActiveCfg = Debug|Any CPU
		{3EE32890-EABF-4AF8-BD0A-8EFA3124DC73}.Debug|Any CPU.Build.0 = Debug|Any CPU
		{3EE32890-EABF-4AF8-BD0A-8EFA3124DC73}.Release|Any CPU.ActiveCfg = Release|Any CPU
		{3EE32890-EABF-4AF8-BD0A-8EFA3124DC73}.Release|Any CPU.Build.0 = Release|Any CPU
	EndGlobalSection
	GlobalSection(SolutionProperties) = preSolution
		HideSolutionNode = FALSE
	EndGlobalSection
	GlobalSection(ExtensibilityGlobals) = postSolution
		SolutionGuid = {7F21E09C-D4C5-4D92-9B0C-AFF43F2933B6}
	EndGlobalSection
EndGlobal
